
Microsoft Visual Studio Solution File, Format Version 12.00
# Visual Studio 14
VisualStudioVersion = 14.0.25420.1
MinimumVisualStudioVersion = 10.0.40219.1
Project("{8BC9CEB8-8B4A-11D0-8D11-00A0C91BC942}") = "11일차", "11일차\11일차.vcxproj", "{76A136DD-2094-4CC4-95C0-070582E3AC9E}"
EndProject
Project("{8BC9CEB8-8B4A-11D0-8D11-00A0C91BC942}") = "11일차1", "11일차1\11일차1.vcxproj", "{08CDAB7B-E9C0-4B61-B326-B7054EB3EF8F}"
EndProject
Project("{8BC9CEB8-8B4A-11D0-8D11-00A0C91BC942}") = "11일차2", "11일차2\11일차2.vcxproj", "{098ADEDD-0F66-4401-B1C7-C53CB17F56E1}"
EndProject
Project("{8BC9CEB8-8B4A-11D0-8D11-00A0C91BC942}") = "11일차3", "11일차3\11일차3.vcxproj", "{BD380509-E76B-4C1A-A960-C59994B88651}"
EndProject
Project("{8BC9CEB8-8B4A-11D0-8D11-00A0C91BC942}") = "11일차4", "11일차4\11일차4.vcxproj", "{2D0D32BA-6EB7-4A73-A34B-8F4AEBF49CB1}"
EndProject
Project("{8BC9CEB8-8B4A-11D0-8D11-00A0C91BC942}") = "11일차5", "11일차5\11일차5.vcxproj", "{9974231A-BFE5-4397-928F-46CECFCCA0BB}"
EndProject
Project("{8BC9CEB8-8B4A-11D0-8D11-00A0C91BC942}") = "11일차6", "11일차6\11일차6.vcxproj", "{20E79C0A-9B5A-4715-B72A-2FD652C4D9DF}"
EndProject
Project("{8BC9CEB8-8B4A-11D0-8D11-00A0C91BC942}") = "11일차7", "11일차8\11일차8.vcxproj", "{76887704-A166-497C-A396-BF717ACB3540}"
EndProject
Project("{8BC9CEB8-8B4A-11D0-8D11-00A0C91BC942}") = "11일차8", "11일차9\11일차9.vcxproj", "{43B84B47-3AE2-47B0-9CBB-20AA5CFA6F20}"
EndProject
Global
	GlobalSection(SolutionConfigurationPlatforms) = preSolution
		Debug|x64 = Debug|x64
		Debug|x86 = Debug|x86
		Release|x64 = Release|x64
		Release|x86 = Release|x86
	EndGlobalSection
	GlobalSection(ProjectConfigurationPlatforms) = postSolution
		{76A136DD-2094-4CC4-95C0-070582E3AC9E}.Debug|x64.ActiveCfg = Debug|x64
		{76A136DD-2094-4CC4-95C0-070582E3AC9E}.Debug|x64.Build.0 = Debug|x64
		{76A136DD-2094-4CC4-95C0-070582E3AC9E}.Debug|x86.ActiveCfg = Debug|Win32
		{76A136DD-2094-4CC4-95C0-070582E3AC9E}.Debug|x86.Build.0 = Debug|Win32
		{76A136DD-2094-4CC4-95C0-070582E3AC9E}.Release|x64.ActiveCfg = Release|x64
		{76A136DD-2094-4CC4-95C0-070582E3AC9E}.Release|x64.Build.0 = Release|x64
		{76A136DD-2094-4CC4-95C0-070582E3AC9E}.Release|x86.ActiveCfg = Release|Win32
		{76A136DD-2094-4CC4-95C0-070582E3AC9E}.Release|x86.Build.0 = Release|Win32
		{08CDAB7B-E9C0-4B61-B326-B7054EB3EF8F}.Debug|x64.ActiveCfg = Debug|x64
		{08CDAB7B-E9C0-4B61-B326-B7054EB3EF8F}.Debug|x64.Build.0 = Debug|x64
		{08CDAB7B-E9C0-4B61-B326-B7054EB3EF8F}.Debug|x86.ActiveCfg = Debug|Win32
		{08CDAB7B-E9C0-4B61-B326-B7054EB3EF8F}.Debug|x86.Build.0 = Debug|Win32
		{08CDAB7B-E9C0-4B61-B326-B7054EB3EF8F}.Release|x64.ActiveCfg = Release|x64
		{08CDAB7B-E9C0-4B61-B326-B7054EB3EF8F}.Release|x64.Build.0 = Release|x64
		{08CDAB7B-E9C0-4B61-B326-B7054EB3EF8F}.Release|x86.ActiveCfg = Release|Win32
		{08CDAB7B-E9C0-4B61-B326-B7054EB3EF8F}.Release|x86.Build.0 = Release|Win32
		{098ADEDD-0F66-4401-B1C7-C53CB17F56E1}.Debug|x64.ActiveCfg = Debug|x64
		{098ADEDD-0F66-4401-B1C7-C53CB17F56E1}.Debug|x64.Build.0 = Debug|x64
		{098ADEDD-0F66-4401-B1C7-C53CB17F56E1}.Debug|x86.ActiveCfg = Debug|Win32
		{098ADEDD-0F66-4401-B1C7-C53CB17F56E1}.Debug|x86.Build.0 = Debug|Win32
		{098ADEDD-0F66-4401-B1C7-C53CB17F56E1}.Release|x64.ActiveCfg = Release|x64
		{098ADEDD-0F66-4401-B1C7-C53CB17F56E1}.Release|x64.Build.0 = Release|x64
		{098ADEDD-0F66-4401-B1C7-C53CB17F56E1}.Release|x86.ActiveCfg = Release|Win32
		{098ADEDD-0F66-4401-B1C7-C53CB17F56E1}.Release|x86.Build.0 = Release|Win32
		{BD380509-E76B-4C1A-A960-C59994B88651}.Debug|x64.ActiveCfg = Debug|x64
		{BD380509-E76B-4C1A-A960-C59994B88651}.Debug|x64.Build.0 = Debug|x64
		{BD380509-E76B-4C1A-A960-C59994B88651}.Debug|x86.ActiveCfg = Debug|Win32
		{BD380509-E76B-4C1A-A960-C59994B88651}.Debug|x86.Build.0 = Debug|Win32
		{BD380509-E76B-4C1A-A960-C59994B88651}.Release|x64.ActiveCfg = Release|x64
		{BD380509-E76B-4C1A-A960-C59994B88651}.Release|x64.Build.0 = Release|x64
		{BD380509-E76B-4C1A-A960-C59994B88651}.Release|x86.ActiveCfg = Release|Win32
		{BD380509-E76B-4C1A-A960-C59994B88651}.Release|x86.Build.0 = Release|Win32
		{2D0D32BA-6EB7-4A73-A34B-8F4AEBF49CB1}.Debug|x64.ActiveCfg = Debug|x64
		{2D0D32BA-6EB7-4A73-A34B-8F4AEBF49CB1}.Debug|x64.Build.0 = Debug|x64
		{2D0D32BA-6EB7-4A73-A34B-8F4AEBF49CB1}.Debug|x86.ActiveCfg = Debug|Win32
		{2D0D32BA-6EB7-4A73-A34B-8F4AEBF49CB1}.Debug|x86.Build.0 = Debug|Win32
		{2D0D32BA-6EB7-4A73-A34B-8F4AEBF49CB1}.Release|x64.ActiveCfg = Release|x64
		{2D0D32BA-6EB7-4A73-A34B-8F4AEBF49CB1}.Release|x64.Build.0 = Release|x64
		{2D0D32BA-6EB7-4A73-A34B-8F4AEBF49CB1}.Release|x86.ActiveCfg = Release|Win32
		{2D0D32BA-6EB7-4A73-A34B-8F4AEBF49CB1}.Release|x86.Build.0 = Release|Win32
		{9974231A-BFE5-4397-928F-46CECFCCA0BB}.Debug|x64.ActiveCfg = Debug|x64
		{9974231A-BFE5-4397-928F-46CECFCCA0BB}.Debug|x64.Build.0 = Debug|x64
		{9974231A-BFE5-4397-928F-46CECFCCA0BB}.Debug|x86.ActiveCfg = Debug|Win32
		{9974231A-BFE5-4397-928F-46CECFCCA0BB}.Debug|x86.Build.0 = Debug|Win32
		{9974231A-BFE5-4397-928F-46CECFCCA0BB}.Release|x64.ActiveCfg = Release|x64
		{9974231A-BFE5-4397-928F-46CECFCCA0BB}.Release|x64.Build.0 = Release|x64
		{9974231A-BFE5-4397-928F-46CECFCCA0BB}.Release|x86.ActiveCfg = Release|Win32
		{9974231A-BFE5-4397-928F-46CECFCCA0BB}.Release|x86.Build.0 = Release|Win32
		{20E79C0A-9B5A-4715-B72A-2FD652C4D9DF}.Debug|x64.ActiveCfg = Debug|x64
		{20E79C0A-9B5A-4715-B72A-2FD652C4D9DF}.Debug|x64.Build.0 = Debug|x64
		{20E79C0A-9B5A-4715-B72A-2FD652C4D9DF}.Debug|x86.ActiveCfg = Debug|Win32
		{20E79C0A-9B5A-4715-B72A-2FD652C4D9DF}.Debug|x86.Build.0 = Debug|Win32
		{20E79C0A-9B5A-4715-B72A-2FD652C4D9DF}.Release|x64.ActiveCfg = Release|x64
		{20E79C0A-9B5A-4715-B72A-2FD652C4D9DF}.Release|x64.Build.0 = Release|x64
		{20E79C0A-9B5A-4715-B72A-2FD652C4D9DF}.Release|x86.ActiveCfg = Release|Win32
		{20E79C0A-9B5A-4715-B72A-2FD652C4D9DF}.Release|x86.Build.0 = Release|Win32
		{76887704-A166-497C-A396-BF717ACB3540}.Debug|x64.ActiveCfg = Debug|x64
		{76887704-A166-497C-A396-BF717ACB3540}.Debug|x64.Build.0 = Debug|x64
		{76887704-A166-497C-A396-BF717ACB3540}.Debug|x86.ActiveCfg = Debug|Win32
		{76887704-A166-497C-A396-BF717ACB3540}.Debug|x86.Build.0 = Debug|Win32
		{76887704-A166-497C-A396-BF717ACB3540}.Release|x64.ActiveCfg = Release|x64
		{76887704-A166-497C-A396-BF717ACB3540}.Release|x64.Build.0 = Release|x64
		{76887704-A166-497C-A396-BF717ACB3540}.Release|x86.ActiveCfg = Release|Win32
		{76887704-A166-497C-A396-BF717ACB3540}.Release|x86.Build.0 = Release|Win32
		{43B84B47-3AE2-47B0-9CBB-20AA5CFA6F20}.Debug|x64.ActiveCfg = Debug|x64
		{43B84B47-3AE2-47B0-9CBB-20AA5CFA6F20}.Debug|x64.Build.0 = Debug|x64
		{43B84B47-3AE2-47B0-9CBB-20AA5CFA6F20}.Debug|x86.ActiveCfg = Debug|Win32
		{43B84B47-3AE2-47B0-9CBB-20AA5CFA6F20}.Debug|x86.Build.0 = Debug|Win32
		{43B84B47-3AE2-47B0-9CBB-20AA5CFA6F20}.Release|x64.ActiveCfg = Release|x64
		{43B84B47-3AE2-47B0-9CBB-20AA5CFA6F20}.Release|x64.Build.0 = Release|x64
		{43B84B47-3AE2-47B0-9CBB-20AA5CFA6F20}.Release|x86.ActiveCfg = Release|Win32
		{43B84B47-3AE2-47B0-9CBB-20AA5CFA6F20}.Release|x86.Build.0 = Release|Win32
	EndGlobalSection
	GlobalSection(SolutionProperties) = preSolution
		HideSolutionNode = FALSE
	EndGlobalSection
EndGlobal
