
Microsoft Visual Studio Solution File, Format Version 12.00
# Visual Studio 14
VisualStudioVersion = 14.0.25420.1
MinimumVisualStudioVersion = 10.0.40219.1
Project("{8BC9CEB8-8B4A-11D0-8D11-00A0C91BC942}") = "18일차", "18일차\18일차.vcxproj", "{A3A17588-D8C1-48D3-A51F-5213FB418728}"
EndProject
Project("{8BC9CEB8-8B4A-11D0-8D11-00A0C91BC942}") = "18일차1", "18일차1\18일차1.vcxproj", "{85F069C8-309E-41D7-9814-88B3AB134007}"
EndProject
Project("{8BC9CEB8-8B4A-11D0-8D11-00A0C91BC942}") = "18일차2", "18일차2\18일차2.vcxproj", "{FA6D947A-BD43-4346-8CE2-7E6E6E15EAEB}"
EndProject
Global
	GlobalSection(SolutionConfigurationPlatforms) = preSolution
		Debug|x64 = Debug|x64
		Debug|x86 = Debug|x86
		Release|x64 = Release|x64
		Release|x86 = Release|x86
	EndGlobalSection
	GlobalSection(ProjectConfigurationPlatforms) = postSolution
		{A3A17588-D8C1-48D3-A51F-5213FB418728}.Debug|x64.ActiveCfg = Debug|x64
		{A3A17588-D8C1-48D3-A51F-5213FB418728}.Debug|x64.Build.0 = Debug|x64
		{A3A17588-D8C1-48D3-A51F-5213FB418728}.Debug|x86.ActiveCfg = Debug|Win32
		{A3A17588-D8C1-48D3-A51F-5213FB418728}.Debug|x86.Build.0 = Debug|Win32
		{A3A17588-D8C1-48D3-A51F-5213FB418728}.Release|x64.ActiveCfg = Release|x64
		{A3A17588-D8C1-48D3-A51F-5213FB418728}.Release|x64.Build.0 = Release|x64
		{A3A17588-D8C1-48D3-A51F-5213FB418728}.Release|x86.ActiveCfg = Release|Win32
		{A3A17588-D8C1-48D3-A51F-5213FB418728}.Release|x86.Build.0 = Release|Win32
		{85F069C8-309E-41D7-9814-88B3AB134007}.Debug|x64.ActiveCfg = Debug|x64
		{85F069C8-309E-41D7-9814-88B3AB134007}.Debug|x64.Build.0 = Debug|x64
		{85F069C8-309E-41D7-9814-88B3AB134007}.Debug|x86.ActiveCfg = Debug|Win32
		{85F069C8-309E-41D7-9814-88B3AB134007}.Debug|x86.Build.0 = Debug|Win32
		{85F069C8-309E-41D7-9814-88B3AB134007}.Release|x64.ActiveCfg = Release|x64
		{85F069C8-309E-41D7-9814-88B3AB134007}.Release|x64.Build.0 = Release|x64
		{85F069C8-309E-41D7-9814-88B3AB134007}.Release|x86.ActiveCfg = Release|Win32
		{85F069C8-309E-41D7-9814-88B3AB134007}.Release|x86.Build.0 = Release|Win32
		{FA6D947A-BD43-4346-8CE2-7E6E6E15EAEB}.Debug|x64.ActiveCfg = Debug|x64
		{FA6D947A-BD43-4346-8CE2-7E6E6E15EAEB}.Debug|x64.Build.0 = Debug|x64
		{FA6D947A-BD43-4346-8CE2-7E6E6E15EAEB}.Debug|x86.ActiveCfg = Debug|Win32
		{FA6D947A-BD43-4346-8CE2-7E6E6E15EAEB}.Debug|x86.Build.0 = Debug|Win32
		{FA6D947A-BD43-4346-8CE2-7E6E6E15EAEB}.Release|x64.ActiveCfg = Release|x64
		{FA6D947A-BD43-4346-8CE2-7E6E6E15EAEB}.Release|x64.Build.0 = Release|x64
		{FA6D947A-BD43-4346-8CE2-7E6E6E15EAEB}.Release|x86.ActiveCfg = Release|Win32
		{FA6D947A-BD43-4346-8CE2-7E6E6E15EAEB}.Release|x86.Build.0 = Release|Win32
	EndGlobalSection
	GlobalSection(SolutionProperties) = preSolution
		HideSolutionNode = FALSE
	EndGlobalSection
EndGlobal
