
Microsoft Visual Studio Solution File, Format Version 12.00
# Visual Studio 14
VisualStudioVersion = 14.0.25420.1
MinimumVisualStudioVersion = 10.0.40219.1
Project("{8BC9CEB8-8B4A-11D0-8D11-00A0C91BC942}") = "14일차", "14일차\14일차.vcxproj", "{8EFE1C5E-35BE-46AD-B2A0-DB2FD794A9F5}"
EndProject
Project("{8BC9CEB8-8B4A-11D0-8D11-00A0C91BC942}") = "14일차1", "14일차1\14일차1.vcxproj", "{D6EAA0E6-6E68-4A02-A201-723FEFA43619}"
EndProject
Project("{8BC9CEB8-8B4A-11D0-8D11-00A0C91BC942}") = "14일차2", "14일차2\14일차2.vcxproj", "{793A3675-63FF-486E-9E28-511046ACF93D}"
EndProject
Project("{8BC9CEB8-8B4A-11D0-8D11-00A0C91BC942}") = "14일차3", "14일차3\14일차3.vcxproj", "{C8B5D4AD-BA9F-44AC-AA53-D601B9E6ABB4}"
EndProject
Project("{8BC9CEB8-8B4A-11D0-8D11-00A0C91BC942}") = "14일차0", "14일차0\14일차0.vcxproj", "{926AB757-1538-45C9-97CC-6BFF53F2A152}"
EndProject
Global
	GlobalSection(SolutionConfigurationPlatforms) = preSolution
		Debug|x64 = Debug|x64
		Debug|x86 = Debug|x86
		Release|x64 = Release|x64
		Release|x86 = Release|x86
	EndGlobalSection
	GlobalSection(ProjectConfigurationPlatforms) = postSolution
		{8EFE1C5E-35BE-46AD-B2A0-DB2FD794A9F5}.Debug|x64.ActiveCfg = Debug|x64
		{8EFE1C5E-35BE-46AD-B2A0-DB2FD794A9F5}.Debug|x64.Build.0 = Debug|x64
		{8EFE1C5E-35BE-46AD-B2A0-DB2FD794A9F5}.Debug|x86.ActiveCfg = Debug|Win32
		{8EFE1C5E-35BE-46AD-B2A0-DB2FD794A9F5}.Debug|x86.Build.0 = Debug|Win32
		{8EFE1C5E-35BE-46AD-B2A0-DB2FD794A9F5}.Release|x64.ActiveCfg = Release|x64
		{8EFE1C5E-35BE-46AD-B2A0-DB2FD794A9F5}.Release|x64.Build.0 = Release|x64
		{8EFE1C5E-35BE-46AD-B2A0-DB2FD794A9F5}.Release|x86.ActiveCfg = Release|Win32
		{8EFE1C5E-35BE-46AD-B2A0-DB2FD794A9F5}.Release|x86.Build.0 = Release|Win32
		{D6EAA0E6-6E68-4A02-A201-723FEFA43619}.Debug|x64.ActiveCfg = Debug|x64
		{D6EAA0E6-6E68-4A02-A201-723FEFA43619}.Debug|x64.Build.0 = Debug|x64
		{D6EAA0E6-6E68-4A02-A201-723FEFA43619}.Debug|x86.ActiveCfg = Debug|Win32
		{D6EAA0E6-6E68-4A02-A201-723FEFA43619}.Debug|x86.Build.0 = Debug|Win32
		{D6EAA0E6-6E68-4A02-A201-723FEFA43619}.Release|x64.ActiveCfg = Release|x64
		{D6EAA0E6-6E68-4A02-A201-723FEFA43619}.Release|x64.Build.0 = Release|x64
		{D6EAA0E6-6E68-4A02-A201-723FEFA43619}.Release|x86.ActiveCfg = Release|Win32
		{D6EAA0E6-6E68-4A02-A201-723FEFA43619}.Release|x86.Build.0 = Release|Win32
		{793A3675-63FF-486E-9E28-511046ACF93D}.Debug|x64.ActiveCfg = Debug|x64
		{793A3675-63FF-486E-9E28-511046ACF93D}.Debug|x64.Build.0 = Debug|x64
		{793A3675-63FF-486E-9E28-511046ACF93D}.Debug|x86.ActiveCfg = Debug|Win32
		{793A3675-63FF-486E-9E28-511046ACF93D}.Debug|x86.Build.0 = Debug|Win32
		{793A3675-63FF-486E-9E28-511046ACF93D}.Release|x64.ActiveCfg = Release|x64
		{793A3675-63FF-486E-9E28-511046ACF93D}.Release|x64.Build.0 = Release|x64
		{793A3675-63FF-486E-9E28-511046ACF93D}.Release|x86.ActiveCfg = Release|Win32
		{793A3675-63FF-486E-9E28-511046ACF93D}.Release|x86.Build.0 = Release|Win32
		{C8B5D4AD-BA9F-44AC-AA53-D601B9E6ABB4}.Debug|x64.ActiveCfg = Debug|x64
		{C8B5D4AD-BA9F-44AC-AA53-D601B9E6ABB4}.Debug|x64.Build.0 = Debug|x64
		{C8B5D4AD-BA9F-44AC-AA53-D601B9E6ABB4}.Debug|x86.ActiveCfg = Debug|Win32
		{C8B5D4AD-BA9F-44AC-AA53-D601B9E6ABB4}.Debug|x86.Build.0 = Debug|Win32
		{C8B5D4AD-BA9F-44AC-AA53-D601B9E6ABB4}.Release|x64.ActiveCfg = Release|x64
		{C8B5D4AD-BA9F-44AC-AA53-D601B9E6ABB4}.Release|x64.Build.0 = Release|x64
		{C8B5D4AD-BA9F-44AC-AA53-D601B9E6ABB4}.Release|x86.ActiveCfg = Release|Win32
		{C8B5D4AD-BA9F-44AC-AA53-D601B9E6ABB4}.Release|x86.Build.0 = Release|Win32
		{926AB757-1538-45C9-97CC-6BFF53F2A152}.Debug|x64.ActiveCfg = Debug|x64
		{926AB757-1538-45C9-97CC-6BFF53F2A152}.Debug|x64.Build.0 = Debug|x64
		{926AB757-1538-45C9-97CC-6BFF53F2A152}.Debug|x86.ActiveCfg = Debug|Win32
		{926AB757-1538-45C9-97CC-6BFF53F2A152}.Debug|x86.Build.0 = Debug|Win32
		{926AB757-1538-45C9-97CC-6BFF53F2A152}.Release|x64.ActiveCfg = Release|x64
		{926AB757-1538-45C9-97CC-6BFF53F2A152}.Release|x64.Build.0 = Release|x64
		{926AB757-1538-45C9-97CC-6BFF53F2A152}.Release|x86.ActiveCfg = Release|Win32
		{926AB757-1538-45C9-97CC-6BFF53F2A152}.Release|x86.Build.0 = Release|Win32
	EndGlobalSection
	GlobalSection(SolutionProperties) = preSolution
		HideSolutionNode = FALSE
	EndGlobalSection
EndGlobal
