
Microsoft Visual Studio Solution File, Format Version 12.00
# Visual Studio 14
VisualStudioVersion = 14.0.25420.1
MinimumVisualStudioVersion = 10.0.40219.1
Project("{8BC9CEB8-8B4A-11D0-8D11-00A0C91BC942}") = "6일차", "6일차\6일차.vcxproj", "{157E4415-B6DC-4D62-A95D-2DB917BE6C9A}"
EndProject
Project("{8BC9CEB8-8B4A-11D0-8D11-00A0C91BC942}") = "6일차1", "6일차1\6일차1.vcxproj", "{75DC9AD5-8A00-4A9A-BC5C-4E7D474B7424}"
EndProject
Project("{8BC9CEB8-8B4A-11D0-8D11-00A0C91BC942}") = "6일차2", "6일차2\6일차2.vcxproj", "{B1CE6A5F-047A-4648-ABFF-F4169B52C3D7}"
EndProject
Project("{8BC9CEB8-8B4A-11D0-8D11-00A0C91BC942}") = "6일차3", "6일차3\6일차3.vcxproj", "{DA283251-9D9F-4D3A-A9CE-5D4191B105C7}"
EndProject
Project("{8BC9CEB8-8B4A-11D0-8D11-00A0C91BC942}") = "6일차4", "6일차4\6일차4.vcxproj", "{B66C0AF7-8B99-4DC4-B218-B39D2A96F16B}"
EndProject
Project("{8BC9CEB8-8B4A-11D0-8D11-00A0C91BC942}") = "6일차5", "6일차5\6일차5.vcxproj", "{EE48C018-3641-4B50-BFD4-5FB0BD53F39A}"
EndProject
Project("{8BC9CEB8-8B4A-11D0-8D11-00A0C91BC942}") = "6일차6", "6일차6\6일차6.vcxproj", "{1BAFD85F-BC34-431F-8FF1-4572A661A1D7}"
EndProject
Project("{8BC9CEB8-8B4A-11D0-8D11-00A0C91BC942}") = "6일차7", "6일차7\6일차7.vcxproj", "{631DB423-7758-428C-BDC3-ED3606886D5C}"
EndProject
Project("{8BC9CEB8-8B4A-11D0-8D11-00A0C91BC942}") = "6일차8", "6일차8\6일차8.vcxproj", "{E1ABADD5-C6C9-4ED1-A43A-527A445D1B52}"
EndProject
Project("{8BC9CEB8-8B4A-11D0-8D11-00A0C91BC942}") = "6일차9", "6일차9\6일차9.vcxproj", "{A80C14A2-CD44-466F-BAF7-7CE36FFC3105}"
EndProject
Project("{8BC9CEB8-8B4A-11D0-8D11-00A0C91BC942}") = "6일차A", "6일차A\6일차A.vcxproj", "{FF02584A-24C7-4D46-A769-C019EF6629FA}"
EndProject
Project("{8BC9CEB8-8B4A-11D0-8D11-00A0C91BC942}") = "6일차B", "6일차B\6일차B.vcxproj", "{F7485BD3-ABD6-4EEC-9FE2-71807E55DC55}"
EndProject
Global
	GlobalSection(SolutionConfigurationPlatforms) = preSolution
		Debug|x64 = Debug|x64
		Debug|x86 = Debug|x86
		Release|x64 = Release|x64
		Release|x86 = Release|x86
	EndGlobalSection
	GlobalSection(ProjectConfigurationPlatforms) = postSolution
		{157E4415-B6DC-4D62-A95D-2DB917BE6C9A}.Debug|x64.ActiveCfg = Debug|x64
		{157E4415-B6DC-4D62-A95D-2DB917BE6C9A}.Debug|x64.Build.0 = Debug|x64
		{157E4415-B6DC-4D62-A95D-2DB917BE6C9A}.Debug|x86.ActiveCfg = Debug|Win32
		{157E4415-B6DC-4D62-A95D-2DB917BE6C9A}.Debug|x86.Build.0 = Debug|Win32
		{157E4415-B6DC-4D62-A95D-2DB917BE6C9A}.Release|x64.ActiveCfg = Release|x64
		{157E4415-B6DC-4D62-A95D-2DB917BE6C9A}.Release|x64.Build.0 = Release|x64
		{157E4415-B6DC-4D62-A95D-2DB917BE6C9A}.Release|x86.ActiveCfg = Release|Win32
		{157E4415-B6DC-4D62-A95D-2DB917BE6C9A}.Release|x86.Build.0 = Release|Win32
		{75DC9AD5-8A00-4A9A-BC5C-4E7D474B7424}.Debug|x64.ActiveCfg = Debug|x64
		{75DC9AD5-8A00-4A9A-BC5C-4E7D474B7424}.Debug|x64.Build.0 = Debug|x64
		{75DC9AD5-8A00-4A9A-BC5C-4E7D474B7424}.Debug|x86.ActiveCfg = Debug|Win32
		{75DC9AD5-8A00-4A9A-BC5C-4E7D474B7424}.Debug|x86.Build.0 = Debug|Win32
		{75DC9AD5-8A00-4A9A-BC5C-4E7D474B7424}.Release|x64.ActiveCfg = Release|x64
		{75DC9AD5-8A00-4A9A-BC5C-4E7D474B7424}.Release|x64.Build.0 = Release|x64
		{75DC9AD5-8A00-4A9A-BC5C-4E7D474B7424}.Release|x86.ActiveCfg = Release|Win32
		{75DC9AD5-8A00-4A9A-BC5C-4E7D474B7424}.Release|x86.Build.0 = Release|Win32
		{B1CE6A5F-047A-4648-ABFF-F4169B52C3D7}.Debug|x64.ActiveCfg = Debug|x64
		{B1CE6A5F-047A-4648-ABFF-F4169B52C3D7}.Debug|x64.Build.0 = Debug|x64
		{B1CE6A5F-047A-4648-ABFF-F4169B52C3D7}.Debug|x86.ActiveCfg = Debug|Win32
		{B1CE6A5F-047A-4648-ABFF-F4169B52C3D7}.Debug|x86.Build.0 = Debug|Win32
		{B1CE6A5F-047A-4648-ABFF-F4169B52C3D7}.Release|x64.ActiveCfg = Release|x64
		{B1CE6A5F-047A-4648-ABFF-F4169B52C3D7}.Release|x64.Build.0 = Release|x64
		{B1CE6A5F-047A-4648-ABFF-F4169B52C3D7}.Release|x86.ActiveCfg = Release|Win32
		{B1CE6A5F-047A-4648-ABFF-F4169B52C3D7}.Release|x86.Build.0 = Release|Win32
		{DA283251-9D9F-4D3A-A9CE-5D4191B105C7}.Debug|x64.ActiveCfg = Debug|x64
		{DA283251-9D9F-4D3A-A9CE-5D4191B105C7}.Debug|x64.Build.0 = Debug|x64
		{DA283251-9D9F-4D3A-A9CE-5D4191B105C7}.Debug|x86.ActiveCfg = Debug|Win32
		{DA283251-9D9F-4D3A-A9CE-5D4191B105C7}.Debug|x86.Build.0 = Debug|Win32
		{DA283251-9D9F-4D3A-A9CE-5D4191B105C7}.Release|x64.ActiveCfg = Release|x64
		{DA283251-9D9F-4D3A-A9CE-5D4191B105C7}.Release|x64.Build.0 = Release|x64
		{DA283251-9D9F-4D3A-A9CE-5D4191B105C7}.Release|x86.ActiveCfg = Release|Win32
		{DA283251-9D9F-4D3A-A9CE-5D4191B105C7}.Release|x86.Build.0 = Release|Win32
		{B66C0AF7-8B99-4DC4-B218-B39D2A96F16B}.Debug|x64.ActiveCfg = Debug|x64
		{B66C0AF7-8B99-4DC4-B218-B39D2A96F16B}.Debug|x64.Build.0 = Debug|x64
		{B66C0AF7-8B99-4DC4-B218-B39D2A96F16B}.Debug|x86.ActiveCfg = Debug|Win32
		{B66C0AF7-8B99-4DC4-B218-B39D2A96F16B}.Debug|x86.Build.0 = Debug|Win32
		{B66C0AF7-8B99-4DC4-B218-B39D2A96F16B}.Release|x64.ActiveCfg = Release|x64
		{B66C0AF7-8B99-4DC4-B218-B39D2A96F16B}.Release|x64.Build.0 = Release|x64
		{B66C0AF7-8B99-4DC4-B218-B39D2A96F16B}.Release|x86.ActiveCfg = Release|Win32
		{B66C0AF7-8B99-4DC4-B218-B39D2A96F16B}.Release|x86.Build.0 = Release|Win32
		{EE48C018-3641-4B50-BFD4-5FB0BD53F39A}.Debug|x64.ActiveCfg = Debug|x64
		{EE48C018-3641-4B50-BFD4-5FB0BD53F39A}.Debug|x64.Build.0 = Debug|x64
		{EE48C018-3641-4B50-BFD4-5FB0BD53F39A}.Debug|x86.ActiveCfg = Debug|Win32
		{EE48C018-3641-4B50-BFD4-5FB0BD53F39A}.Debug|x86.Build.0 = Debug|Win32
		{EE48C018-3641-4B50-BFD4-5FB0BD53F39A}.Release|x64.ActiveCfg = Release|x64
		{EE48C018-3641-4B50-BFD4-5FB0BD53F39A}.Release|x64.Build.0 = Release|x64
		{EE48C018-3641-4B50-BFD4-5FB0BD53F39A}.Release|x86.ActiveCfg = Release|Win32
		{EE48C018-3641-4B50-BFD4-5FB0BD53F39A}.Release|x86.Build.0 = Release|Win32
		{1BAFD85F-BC34-431F-8FF1-4572A661A1D7}.Debug|x64.ActiveCfg = Debug|x64
		{1BAFD85F-BC34-431F-8FF1-4572A661A1D7}.Debug|x64.Build.0 = Debug|x64
		{1BAFD85F-BC34-431F-8FF1-4572A661A1D7}.Debug|x86.ActiveCfg = Debug|Win32
		{1BAFD85F-BC34-431F-8FF1-4572A661A1D7}.Debug|x86.Build.0 = Debug|Win32
		{1BAFD85F-BC34-431F-8FF1-4572A661A1D7}.Release|x64.ActiveCfg = Release|x64
		{1BAFD85F-BC34-431F-8FF1-4572A661A1D7}.Release|x64.Build.0 = Release|x64
		{1BAFD85F-BC34-431F-8FF1-4572A661A1D7}.Release|x86.ActiveCfg = Release|Win32
		{1BAFD85F-BC34-431F-8FF1-4572A661A1D7}.Release|x86.Build.0 = Release|Win32
		{631DB423-7758-428C-BDC3-ED3606886D5C}.Debug|x64.ActiveCfg = Debug|x64
		{631DB423-7758-428C-BDC3-ED3606886D5C}.Debug|x64.Build.0 = Debug|x64
		{631DB423-7758-428C-BDC3-ED3606886D5C}.Debug|x86.ActiveCfg = Debug|Win32
		{631DB423-7758-428C-BDC3-ED3606886D5C}.Debug|x86.Build.0 = Debug|Win32
		{631DB423-7758-428C-BDC3-ED3606886D5C}.Release|x64.ActiveCfg = Release|x64
		{631DB423-7758-428C-BDC3-ED3606886D5C}.Release|x64.Build.0 = Release|x64
		{631DB423-7758-428C-BDC3-ED3606886D5C}.Release|x86.ActiveCfg = Release|Win32
		{631DB423-7758-428C-BDC3-ED3606886D5C}.Release|x86.Build.0 = Release|Win32
		{E1ABADD5-C6C9-4ED1-A43A-527A445D1B52}.Debug|x64.ActiveCfg = Debug|x64
		{E1ABADD5-C6C9-4ED1-A43A-527A445D1B52}.Debug|x64.Build.0 = Debug|x64
		{E1ABADD5-C6C9-4ED1-A43A-527A445D1B52}.Debug|x86.ActiveCfg = Debug|Win32
		{E1ABADD5-C6C9-4ED1-A43A-527A445D1B52}.Debug|x86.Build.0 = Debug|Win32
		{E1ABADD5-C6C9-4ED1-A43A-527A445D1B52}.Release|x64.ActiveCfg = Release|x64
		{E1ABADD5-C6C9-4ED1-A43A-527A445D1B52}.Release|x64.Build.0 = Release|x64
		{E1ABADD5-C6C9-4ED1-A43A-527A445D1B52}.Release|x86.ActiveCfg = Release|Win32
		{E1ABADD5-C6C9-4ED1-A43A-527A445D1B52}.Release|x86.Build.0 = Release|Win32
		{A80C14A2-CD44-466F-BAF7-7CE36FFC3105}.Debug|x64.ActiveCfg = Debug|x64
		{A80C14A2-CD44-466F-BAF7-7CE36FFC3105}.Debug|x64.Build.0 = Debug|x64
		{A80C14A2-CD44-466F-BAF7-7CE36FFC3105}.Debug|x86.ActiveCfg = Debug|Win32
		{A80C14A2-CD44-466F-BAF7-7CE36FFC3105}.Debug|x86.Build.0 = Debug|Win32
		{A80C14A2-CD44-466F-BAF7-7CE36FFC3105}.Release|x64.ActiveCfg = Release|x64
		{A80C14A2-CD44-466F-BAF7-7CE36FFC3105}.Release|x64.Build.0 = Release|x64
		{A80C14A2-CD44-466F-BAF7-7CE36FFC3105}.Release|x86.ActiveCfg = Release|Win32
		{A80C14A2-CD44-466F-BAF7-7CE36FFC3105}.Release|x86.Build.0 = Release|Win32
		{FF02584A-24C7-4D46-A769-C019EF6629FA}.Debug|x64.ActiveCfg = Debug|x64
		{FF02584A-24C7-4D46-A769-C019EF6629FA}.Debug|x64.Build.0 = Debug|x64
		{FF02584A-24C7-4D46-A769-C019EF6629FA}.Debug|x86.ActiveCfg = Debug|Win32
		{FF02584A-24C7-4D46-A769-C019EF6629FA}.Debug|x86.Build.0 = Debug|Win32
		{FF02584A-24C7-4D46-A769-C019EF6629FA}.Release|x64.ActiveCfg = Release|x64
		{FF02584A-24C7-4D46-A769-C019EF6629FA}.Release|x64.Build.0 = Release|x64
		{FF02584A-24C7-4D46-A769-C019EF6629FA}.Release|x86.ActiveCfg = Release|Win32
		{FF02584A-24C7-4D46-A769-C019EF6629FA}.Release|x86.Build.0 = Release|Win32
		{F7485BD3-ABD6-4EEC-9FE2-71807E55DC55}.Debug|x64.ActiveCfg = Debug|x64
		{F7485BD3-ABD6-4EEC-9FE2-71807E55DC55}.Debug|x64.Build.0 = Debug|x64
		{F7485BD3-ABD6-4EEC-9FE2-71807E55DC55}.Debug|x86.ActiveCfg = Debug|Win32
		{F7485BD3-ABD6-4EEC-9FE2-71807E55DC55}.Debug|x86.Build.0 = Debug|Win32
		{F7485BD3-ABD6-4EEC-9FE2-71807E55DC55}.Release|x64.ActiveCfg = Release|x64
		{F7485BD3-ABD6-4EEC-9FE2-71807E55DC55}.Release|x64.Build.0 = Release|x64
		{F7485BD3-ABD6-4EEC-9FE2-71807E55DC55}.Release|x86.ActiveCfg = Release|Win32
		{F7485BD3-ABD6-4EEC-9FE2-71807E55DC55}.Release|x86.Build.0 = Release|Win32
	EndGlobalSection
	GlobalSection(SolutionProperties) = preSolution
		HideSolutionNode = FALSE
	EndGlobalSection
EndGlobal
