
Microsoft Visual Studio Solution File, Format Version 12.00
# Visual Studio 14
VisualStudioVersion = 14.0.25420.1
MinimumVisualStudioVersion = 10.0.40219.1
Project("{8BC9CEB8-8B4A-11D0-8D11-00A0C91BC942}") = "12일차", "12일차\12일차.vcxproj", "{6EC3BFE8-865B-406B-B192-E867972B3D0D}"
EndProject
Project("{8BC9CEB8-8B4A-11D0-8D11-00A0C91BC942}") = "12일차1", "12일차1\12일차1.vcxproj", "{E716F480-9BBF-4180-A64A-D490DCC4A027}"
EndProject
Project("{8BC9CEB8-8B4A-11D0-8D11-00A0C91BC942}") = "12일차2", "12일차2\12일차2.vcxproj", "{01FF4420-BDAA-4CC2-A041-4157EAD055A0}"
EndProject
Project("{8BC9CEB8-8B4A-11D0-8D11-00A0C91BC942}") = "12일차3", "12일차3\12일차3.vcxproj", "{AE70B19E-024C-4139-A14B-4A906818BF7F}"
EndProject
Project("{8BC9CEB8-8B4A-11D0-8D11-00A0C91BC942}") = "12일차4", "12일차4\12일차4.vcxproj", "{1BE82C9F-74EB-4B2F-9F92-BF77B90EF980}"
EndProject
Project("{8BC9CEB8-8B4A-11D0-8D11-00A0C91BC942}") = "12일차5", "12일차5\12일차5.vcxproj", "{C308AF0E-0813-4184-8A00-2CDEE9AE3083}"
EndProject
Project("{8BC9CEB8-8B4A-11D0-8D11-00A0C91BC942}") = "12일차6", "12일차7\12일차7.vcxproj", "{7C505F1D-4512-40AD-928C-E4CFB5338719}"
EndProject
Global
	GlobalSection(SolutionConfigurationPlatforms) = preSolution
		Debug|x64 = Debug|x64
		Debug|x86 = Debug|x86
		Release|x64 = Release|x64
		Release|x86 = Release|x86
	EndGlobalSection
	GlobalSection(ProjectConfigurationPlatforms) = postSolution
		{6EC3BFE8-865B-406B-B192-E867972B3D0D}.Debug|x64.ActiveCfg = Debug|x64
		{6EC3BFE8-865B-406B-B192-E867972B3D0D}.Debug|x64.Build.0 = Debug|x64
		{6EC3BFE8-865B-406B-B192-E867972B3D0D}.Debug|x86.ActiveCfg = Debug|Win32
		{6EC3BFE8-865B-406B-B192-E867972B3D0D}.Debug|x86.Build.0 = Debug|Win32
		{6EC3BFE8-865B-406B-B192-E867972B3D0D}.Release|x64.ActiveCfg = Release|x64
		{6EC3BFE8-865B-406B-B192-E867972B3D0D}.Release|x64.Build.0 = Release|x64
		{6EC3BFE8-865B-406B-B192-E867972B3D0D}.Release|x86.ActiveCfg = Release|Win32
		{6EC3BFE8-865B-406B-B192-E867972B3D0D}.Release|x86.Build.0 = Release|Win32
		{E716F480-9BBF-4180-A64A-D490DCC4A027}.Debug|x64.ActiveCfg = Debug|x64
		{E716F480-9BBF-4180-A64A-D490DCC4A027}.Debug|x64.Build.0 = Debug|x64
		{E716F480-9BBF-4180-A64A-D490DCC4A027}.Debug|x86.ActiveCfg = Debug|Win32
		{E716F480-9BBF-4180-A64A-D490DCC4A027}.Debug|x86.Build.0 = Debug|Win32
		{E716F480-9BBF-4180-A64A-D490DCC4A027}.Release|x64.ActiveCfg = Release|x64
		{E716F480-9BBF-4180-A64A-D490DCC4A027}.Release|x64.Build.0 = Release|x64
		{E716F480-9BBF-4180-A64A-D490DCC4A027}.Release|x86.ActiveCfg = Release|Win32
		{E716F480-9BBF-4180-A64A-D490DCC4A027}.Release|x86.Build.0 = Release|Win32
		{01FF4420-BDAA-4CC2-A041-4157EAD055A0}.Debug|x64.ActiveCfg = Debug|x64
		{01FF4420-BDAA-4CC2-A041-4157EAD055A0}.Debug|x64.Build.0 = Debug|x64
		{01FF4420-BDAA-4CC2-A041-4157EAD055A0}.Debug|x86.ActiveCfg = Debug|Win32
		{01FF4420-BDAA-4CC2-A041-4157EAD055A0}.Debug|x86.Build.0 = Debug|Win32
		{01FF4420-BDAA-4CC2-A041-4157EAD055A0}.Release|x64.ActiveCfg = Release|x64
		{01FF4420-BDAA-4CC2-A041-4157EAD055A0}.Release|x64.Build.0 = Release|x64
		{01FF4420-BDAA-4CC2-A041-4157EAD055A0}.Release|x86.ActiveCfg = Release|Win32
		{01FF4420-BDAA-4CC2-A041-4157EAD055A0}.Release|x86.Build.0 = Release|Win32
		{AE70B19E-024C-4139-A14B-4A906818BF7F}.Debug|x64.ActiveCfg = Debug|x64
		{AE70B19E-024C-4139-A14B-4A906818BF7F}.Debug|x64.Build.0 = Debug|x64
		{AE70B19E-024C-4139-A14B-4A906818BF7F}.Debug|x86.ActiveCfg = Debug|Win32
		{AE70B19E-024C-4139-A14B-4A906818BF7F}.Debug|x86.Build.0 = Debug|Win32
		{AE70B19E-024C-4139-A14B-4A906818BF7F}.Release|x64.ActiveCfg = Release|x64
		{AE70B19E-024C-4139-A14B-4A906818BF7F}.Release|x64.Build.0 = Release|x64
		{AE70B19E-024C-4139-A14B-4A906818BF7F}.Release|x86.ActiveCfg = Release|Win32
		{AE70B19E-024C-4139-A14B-4A906818BF7F}.Release|x86.Build.0 = Release|Win32
		{1BE82C9F-74EB-4B2F-9F92-BF77B90EF980}.Debug|x64.ActiveCfg = Debug|x64
		{1BE82C9F-74EB-4B2F-9F92-BF77B90EF980}.Debug|x64.Build.0 = Debug|x64
		{1BE82C9F-74EB-4B2F-9F92-BF77B90EF980}.Debug|x86.ActiveCfg = Debug|Win32
		{1BE82C9F-74EB-4B2F-9F92-BF77B90EF980}.Debug|x86.Build.0 = Debug|Win32
		{1BE82C9F-74EB-4B2F-9F92-BF77B90EF980}.Release|x64.ActiveCfg = Release|x64
		{1BE82C9F-74EB-4B2F-9F92-BF77B90EF980}.Release|x64.Build.0 = Release|x64
		{1BE82C9F-74EB-4B2F-9F92-BF77B90EF980}.Release|x86.ActiveCfg = Release|Win32
		{1BE82C9F-74EB-4B2F-9F92-BF77B90EF980}.Release|x86.Build.0 = Release|Win32
		{C308AF0E-0813-4184-8A00-2CDEE9AE3083}.Debug|x64.ActiveCfg = Debug|x64
		{C308AF0E-0813-4184-8A00-2CDEE9AE3083}.Debug|x64.Build.0 = Debug|x64
		{C308AF0E-0813-4184-8A00-2CDEE9AE3083}.Debug|x86.ActiveCfg = Debug|Win32
		{C308AF0E-0813-4184-8A00-2CDEE9AE3083}.Debug|x86.Build.0 = Debug|Win32
		{C308AF0E-0813-4184-8A00-2CDEE9AE3083}.Release|x64.ActiveCfg = Release|x64
		{C308AF0E-0813-4184-8A00-2CDEE9AE3083}.Release|x64.Build.0 = Release|x64
		{C308AF0E-0813-4184-8A00-2CDEE9AE3083}.Release|x86.ActiveCfg = Release|Win32
		{C308AF0E-0813-4184-8A00-2CDEE9AE3083}.Release|x86.Build.0 = Release|Win32
		{7C505F1D-4512-40AD-928C-E4CFB5338719}.Debug|x64.ActiveCfg = Debug|x64
		{7C505F1D-4512-40AD-928C-E4CFB5338719}.Debug|x64.Build.0 = Debug|x64
		{7C505F1D-4512-40AD-928C-E4CFB5338719}.Debug|x86.ActiveCfg = Debug|Win32
		{7C505F1D-4512-40AD-928C-E4CFB5338719}.Debug|x86.Build.0 = Debug|Win32
		{7C505F1D-4512-40AD-928C-E4CFB5338719}.Release|x64.ActiveCfg = Release|x64
		{7C505F1D-4512-40AD-928C-E4CFB5338719}.Release|x64.Build.0 = Release|x64
		{7C505F1D-4512-40AD-928C-E4CFB5338719}.Release|x86.ActiveCfg = Release|Win32
		{7C505F1D-4512-40AD-928C-E4CFB5338719}.Release|x86.Build.0 = Release|Win32
	EndGlobalSection
	GlobalSection(SolutionProperties) = preSolution
		HideSolutionNode = FALSE
	EndGlobalSection
EndGlobal
