
Microsoft Visual Studio Solution File, Format Version 12.00
# Visual Studio 14
VisualStudioVersion = 14.0.25420.1
MinimumVisualStudioVersion = 10.0.40219.1
Project("{8BC9CEB8-8B4A-11D0-8D11-00A0C91BC942}") = "10일차", "10일차\10일차.vcxproj", "{ED21BFFA-2286-41F6-AC06-8CCA8828A3F4}"
EndProject
Project("{8BC9CEB8-8B4A-11D0-8D11-00A0C91BC942}") = "10일차1", "10일차1\10일차1.vcxproj", "{0BD6D608-89BA-4314-9523-547691ABF268}"
EndProject
Project("{8BC9CEB8-8B4A-11D0-8D11-00A0C91BC942}") = "10일차2", "10일차2\10일차2.vcxproj", "{188C1737-17B7-41F4-A4D7-CDB6D4251D6E}"
EndProject
Project("{8BC9CEB8-8B4A-11D0-8D11-00A0C91BC942}") = "10일차3", "10일차3\10일차3.vcxproj", "{17AD120E-91B9-40E1-873C-435014C7745F}"
EndProject
Project("{8BC9CEB8-8B4A-11D0-8D11-00A0C91BC942}") = "10일차4", "10일차4\10일차4.vcxproj", "{A5F56F91-AD57-458D-9BB0-A81C33D1E47E}"
EndProject
Project("{8BC9CEB8-8B4A-11D0-8D11-00A0C91BC942}") = "10일차5", "10일차5\10일차5.vcxproj", "{D92197B4-CB3D-4F3F-98C5-9CDD01946F48}"
EndProject
Project("{8BC9CEB8-8B4A-11D0-8D11-00A0C91BC942}") = "10일차6", "10일차6\10일차6.vcxproj", "{73090E1D-A515-4978-9034-4096FC0B6F0C}"
EndProject
Global
	GlobalSection(SolutionConfigurationPlatforms) = preSolution
		Debug|x64 = Debug|x64
		Debug|x86 = Debug|x86
		Release|x64 = Release|x64
		Release|x86 = Release|x86
	EndGlobalSection
	GlobalSection(ProjectConfigurationPlatforms) = postSolution
		{ED21BFFA-2286-41F6-AC06-8CCA8828A3F4}.Debug|x64.ActiveCfg = Debug|x64
		{ED21BFFA-2286-41F6-AC06-8CCA8828A3F4}.Debug|x64.Build.0 = Debug|x64
		{ED21BFFA-2286-41F6-AC06-8CCA8828A3F4}.Debug|x86.ActiveCfg = Debug|Win32
		{ED21BFFA-2286-41F6-AC06-8CCA8828A3F4}.Debug|x86.Build.0 = Debug|Win32
		{ED21BFFA-2286-41F6-AC06-8CCA8828A3F4}.Release|x64.ActiveCfg = Release|x64
		{ED21BFFA-2286-41F6-AC06-8CCA8828A3F4}.Release|x64.Build.0 = Release|x64
		{ED21BFFA-2286-41F6-AC06-8CCA8828A3F4}.Release|x86.ActiveCfg = Release|Win32
		{ED21BFFA-2286-41F6-AC06-8CCA8828A3F4}.Release|x86.Build.0 = Release|Win32
		{0BD6D608-89BA-4314-9523-547691ABF268}.Debug|x64.ActiveCfg = Debug|x64
		{0BD6D608-89BA-4314-9523-547691ABF268}.Debug|x64.Build.0 = Debug|x64
		{0BD6D608-89BA-4314-9523-547691ABF268}.Debug|x86.ActiveCfg = Debug|Win32
		{0BD6D608-89BA-4314-9523-547691ABF268}.Debug|x86.Build.0 = Debug|Win32
		{0BD6D608-89BA-4314-9523-547691ABF268}.Release|x64.ActiveCfg = Release|x64
		{0BD6D608-89BA-4314-9523-547691ABF268}.Release|x64.Build.0 = Release|x64
		{0BD6D608-89BA-4314-9523-547691ABF268}.Release|x86.ActiveCfg = Release|Win32
		{0BD6D608-89BA-4314-9523-547691ABF268}.Release|x86.Build.0 = Release|Win32
		{188C1737-17B7-41F4-A4D7-CDB6D4251D6E}.Debug|x64.ActiveCfg = Debug|x64
		{188C1737-17B7-41F4-A4D7-CDB6D4251D6E}.Debug|x64.Build.0 = Debug|x64
		{188C1737-17B7-41F4-A4D7-CDB6D4251D6E}.Debug|x86.ActiveCfg = Debug|Win32
		{188C1737-17B7-41F4-A4D7-CDB6D4251D6E}.Debug|x86.Build.0 = Debug|Win32
		{188C1737-17B7-41F4-A4D7-CDB6D4251D6E}.Release|x64.ActiveCfg = Release|x64
		{188C1737-17B7-41F4-A4D7-CDB6D4251D6E}.Release|x64.Build.0 = Release|x64
		{188C1737-17B7-41F4-A4D7-CDB6D4251D6E}.Release|x86.ActiveCfg = Release|Win32
		{188C1737-17B7-41F4-A4D7-CDB6D4251D6E}.Release|x86.Build.0 = Release|Win32
		{17AD120E-91B9-40E1-873C-435014C7745F}.Debug|x64.ActiveCfg = Debug|x64
		{17AD120E-91B9-40E1-873C-435014C7745F}.Debug|x64.Build.0 = Debug|x64
		{17AD120E-91B9-40E1-873C-435014C7745F}.Debug|x86.ActiveCfg = Debug|Win32
		{17AD120E-91B9-40E1-873C-435014C7745F}.Debug|x86.Build.0 = Debug|Win32
		{17AD120E-91B9-40E1-873C-435014C7745F}.Release|x64.ActiveCfg = Release|x64
		{17AD120E-91B9-40E1-873C-435014C7745F}.Release|x64.Build.0 = Release|x64
		{17AD120E-91B9-40E1-873C-435014C7745F}.Release|x86.ActiveCfg = Release|Win32
		{17AD120E-91B9-40E1-873C-435014C7745F}.Release|x86.Build.0 = Release|Win32
		{A5F56F91-AD57-458D-9BB0-A81C33D1E47E}.Debug|x64.ActiveCfg = Debug|x64
		{A5F56F91-AD57-458D-9BB0-A81C33D1E47E}.Debug|x64.Build.0 = Debug|x64
		{A5F56F91-AD57-458D-9BB0-A81C33D1E47E}.Debug|x86.ActiveCfg = Debug|Win32
		{A5F56F91-AD57-458D-9BB0-A81C33D1E47E}.Debug|x86.Build.0 = Debug|Win32
		{A5F56F91-AD57-458D-9BB0-A81C33D1E47E}.Release|x64.ActiveCfg = Release|x64
		{A5F56F91-AD57-458D-9BB0-A81C33D1E47E}.Release|x64.Build.0 = Release|x64
		{A5F56F91-AD57-458D-9BB0-A81C33D1E47E}.Release|x86.ActiveCfg = Release|Win32
		{A5F56F91-AD57-458D-9BB0-A81C33D1E47E}.Release|x86.Build.0 = Release|Win32
		{D92197B4-CB3D-4F3F-98C5-9CDD01946F48}.Debug|x64.ActiveCfg = Debug|x64
		{D92197B4-CB3D-4F3F-98C5-9CDD01946F48}.Debug|x64.Build.0 = Debug|x64
		{D92197B4-CB3D-4F3F-98C5-9CDD01946F48}.Debug|x86.ActiveCfg = Debug|Win32
		{D92197B4-CB3D-4F3F-98C5-9CDD01946F48}.Debug|x86.Build.0 = Debug|Win32
		{D92197B4-CB3D-4F3F-98C5-9CDD01946F48}.Release|x64.ActiveCfg = Release|x64
		{D92197B4-CB3D-4F3F-98C5-9CDD01946F48}.Release|x64.Build.0 = Release|x64
		{D92197B4-CB3D-4F3F-98C5-9CDD01946F48}.Release|x86.ActiveCfg = Release|Win32
		{D92197B4-CB3D-4F3F-98C5-9CDD01946F48}.Release|x86.Build.0 = Release|Win32
		{73090E1D-A515-4978-9034-4096FC0B6F0C}.Debug|x64.ActiveCfg = Debug|x64
		{73090E1D-A515-4978-9034-4096FC0B6F0C}.Debug|x64.Build.0 = Debug|x64
		{73090E1D-A515-4978-9034-4096FC0B6F0C}.Debug|x86.ActiveCfg = Debug|Win32
		{73090E1D-A515-4978-9034-4096FC0B6F0C}.Debug|x86.Build.0 = Debug|Win32
		{73090E1D-A515-4978-9034-4096FC0B6F0C}.Release|x64.ActiveCfg = Release|x64
		{73090E1D-A515-4978-9034-4096FC0B6F0C}.Release|x64.Build.0 = Release|x64
		{73090E1D-A515-4978-9034-4096FC0B6F0C}.Release|x86.ActiveCfg = Release|Win32
		{73090E1D-A515-4978-9034-4096FC0B6F0C}.Release|x86.Build.0 = Release|Win32
	EndGlobalSection
	GlobalSection(SolutionProperties) = preSolution
		HideSolutionNode = FALSE
	EndGlobalSection
EndGlobal
